{
  "name": "linear-nodeapi",
  "version": "1.0.0",
  "lockfileVersion": 2,
  "requires": true,
  "packages": {
    "": {
      "name": "linear-nodeapi",
      "version": "1.0.0",
      "license": "ISC",
      "dependencies": {
        "clementreiffers-linear-regression": "^2.0.3"
      }
    },
    "node_modules/clementreiffers-linear-regression": {
      "version": "2.0.3",
      "resolved": "https://registry.npmjs.org/clementreiffers-linear-regression/-/clementreiffers-linear-regression-2.0.3.tgz",
      "integrity": "sha512-++3mBxXsMF51s8JBIC7JcN665Vl95SXKCJm7LeYd+3+hub2wQbMzb+ACDY79t5LD+ZcpVFWsU5vgCDHVg03HEA==",
      "dependencies": {
        "ramda": "^0.28.0"
      }
    },
    "node_modules/ramda": {
      "version": "0.28.0",
      "resolved": "https://registry.npmjs.org/ramda/-/ramda-0.28.0.tgz",
      "integrity": "sha512-9QnLuG/kPVgWvMQ4aODhsBUFKOUmnbUnsSXACv+NCQZcHbeb+v8Lodp8OVxtRULN1/xOyYLLaL6npE6dMq5QTA==",
      "funding": {
        "type": "opencollective",
        "url": "https://opencollective.com/ramda"
      }
    }
  },
  "dependencies": {
    "clementreiffers-linear-regression": {
      "version": "2.0.3",
      "resolved": "https://registry.npmjs.org/clementreiffers-linear-regression/-/clementreiffers-linear-regression-2.0.3.tgz",
      "integrity": "sha512-++3mBxXsMF51s8JBIC7JcN665Vl95SXKCJm7LeYd+3+hub2wQbMzb+ACDY79t5LD+ZcpVFWsU5vgCDHVg03HEA==",
      "requires": {
        "ramda": "^0.28.0"
      }
    },
    "ramda": {
      "version": "0.28.0",
      "resolved": "https://registry.npmjs.org/ramda/-/ramda-0.28.0.tgz",
      "integrity": "sha512-9QnLuG/kPVgWvMQ4aODhsBUFKOUmnbUnsSXACv+NCQZcHbeb+v8Lodp8OVxtRULN1/xOyYLLaL6npE6dMq5QTA=="
    }
  }
}
